// !$*UTF8*$!
{
	archiveVersion = 1;
	classes = {
	};
	objectVersion = 77;
	objects = {

/* Begin PBXBuildFile section */
		00C1D92A2E33411000414CA7 /* ForceSimulation in Frameworks */ = {isa = PBXBuildFile; productRef = 00C1D9292E33411000414CA7 /* ForceSimulation */; };
		00C1D92C2E33411000414CA7 /* Grape in Frameworks */ = {isa = PBXBuildFile; productRef = 00C1D92B2E33411000414CA7 /* Grape */; };
		00C1D9602E3351D600414CA7 /* ForceSimulation in Frameworks */ = {isa = PBXBuildFile; productRef = 00C1D95F2E3351D600414CA7 /* ForceSimulation */; };
		00C1D9622E3351D600414CA7 /* Grape in Frameworks */ = {isa = PBXBuildFile; productRef = 00C1D9612E3351D600414CA7 /* Grape */; };
		00C1D9642E33520600414CA7 /* ForceSimulation in Frameworks */ = {isa = PBXBuildFile; productRef = 00C1D9632E33520600414CA7 /* ForceSimulation */; };
		00C1D9662E33520600414CA7 /* Grape in Frameworks */ = {isa = PBXBuildFile; productRef = 00C1D9652E33520600414CA7 /* Grape */; };
		B4E8D6552E34F0650020DFF8 /* MarkdownView in Frameworks */ = {isa = PBXBuildFile; productRef = B4E8D6542E34F0650020DFF8 /* MarkdownView */; };
/* End PBXBuildFile section */

/* Begin PBXContainerItemProxy section */
		00C1D8FE2E333DE300414CA7 /* PBXContainerItemProxy */ = {
			isa = PBXContainerItemProxy;
			containerPortal = 00C1D8E82E333DE100414CA7 /* Project object */;
			proxyType = 1;
			remoteGlobalIDString = 00C1D8EF2E333DE100414CA7;
			remoteInfo = konwHow;
		};
		00C1D9082E333DE300414CA7 /* PBXContainerItemProxy */ = {
			isa = PBXContainerItemProxy;
			containerPortal = 00C1D8E82E333DE100414CA7 /* Project object */;
			proxyType = 1;
			remoteGlobalIDString = 00C1D8EF2E333DE100414CA7;
			remoteInfo = konwHow;
		};
/* End PBXContainerItemProxy section */

/* Begin PBXFileReference section */
		00C1D8F02E333DE100414CA7 /* konwHow.app */ = {isa = PBXFileReference; explicitFileType = wrapper.application; includeInIndex = 0; path = konwHow.app; sourceTree = BUILT_PRODUCTS_DIR; };
		00C1D8FD2E333DE300414CA7 /* konwHowTests.xctest */ = {isa = PBXFileReference; explicitFileType = wrapper.cfbundle; includeInIndex = 0; path = konwHowTests.xctest; sourceTree = BUILT_PRODUCTS_DIR; };
		00C1D9072E333DE300414CA7 /* konwHowUITests.xctest */ = {isa = PBXFileReference; explicitFileType = wrapper.cfbundle; includeInIndex = 0; path = konwHowUITests.xctest; sourceTree = BUILT_PRODUCTS_DIR; };
/* End PBXFileReference section */

/* Begin PBXFileSystemSynchronizedBuildFileExceptionSet section */
		B4E8D63D2E347E6C0020DFF8 /* Exceptions for "konwHow" folder in "konwHow" target */ = {
			isa = PBXFileSystemSynchronizedBuildFileExceptionSet;
			membershipExceptions = (
				Info.plist,
			);
			target = 00C1D8EF2E333DE100414CA7 /* konwHow */;
		};
/* End PBXFileSystemSynchronizedBuildFileExceptionSet section */

/* Begin PBXFileSystemSynchronizedRootGroup section */
		00C1D8F22E333DE100414CA7 /* konwHow */ = {
			isa = PBXFileSystemSynchronizedRootGroup;
			exceptions = (
				B4E8D63D2E347E6C0020DFF8 /* Exceptions for "konwHow" folder in "konwHow" target */,
			);
			path = konwHow;
			sourceTree = "<group>";
		};
		00C1D9002E333DE300414CA7 /* konwHowTests */ = {
			isa = PBXFileSystemSynchronizedRootGroup;
			path = konwHowTests;
			sourceTree = "<group>";
		};
		00C1D90A2E333DE300414CA7 /* konwHowUITests */ = {
			isa = PBXFileSystemSynchronizedRootGroup;
			path = konwHowUITests;
			sourceTree = "<group>";
		};
/* End PBXFileSystemSynchronizedRootGroup section */

/* Begin PBXFrameworksBuildPhase section */
		00C1D8ED2E333DE100414CA7 /* Frameworks */ = {
			isa = PBXFrameworksBuildPhase;
			buildActionMask = 2147483647;
			files = (
				00C1D92C2E33411000414CA7 /* Grape in Frameworks */,
				00C1D92A2E33411000414CA7 /* ForceSimulation in Frameworks */,
				B4E8D6552E34F0650020DFF8 /* MarkdownView in Frameworks */,
			);
			runOnlyForDeploymentPostprocessing = 0;
		};
		00C1D8FA2E333DE300414CA7 /* Frameworks */ = {
			isa = PBXFrameworksBuildPhase;
			buildActionMask = 2147483647;
			files = (
				00C1D9622E3351D600414CA7 /* Grape in Frameworks */,
				00C1D9602E3351D600414CA7 /* ForceSimulation in Frameworks */,
			);
			runOnlyForDeploymentPostprocessing = 0;
		};
		00C1D9042E333DE300414CA7 /* Frameworks */ = {
			isa = PBXFrameworksBuildPhase;
			buildActionMask = 2147483647;
			files = (
				00C1D9662E33520600414CA7 /* Grape in Frameworks */,
				00C1D9642E33520600414CA7 /* ForceSimulation in Frameworks */,
			);
			runOnlyForDeploymentPostprocessing = 0;
		};
/* End PBXFrameworksBuildPhase section */

/* Begin PBXGroup section */
		00C1D8E72E333DE100414CA7 = {
			isa = PBXGroup;
			children = (
				00C1D8F22E333DE100414CA7 /* konwHow */,
				00C1D9002E333DE300414CA7 /* konwHowTests */,
				00C1D90A2E333DE300414CA7 /* konwHowUITests */,
				00C1D8F12E333DE100414CA7 /* Products */,
			);
			sourceTree = "<group>";
		};
		00C1D8F12E333DE100414CA7 /* Products */ = {
			isa = PBXGroup;
			children = (
				00C1D8F02E333DE100414CA7 /* konwHow.app */,
				00C1D8FD2E333DE300414CA7 /* konwHowTests.xctest */,
				00C1D9072E333DE300414CA7 /* konwHowUITests.xctest */,
			);
			name = Products;
			sourceTree = "<group>";
		};
/* End PBXGroup section */

/* Begin PBXNativeTarget section */
		00C1D8EF2E333DE100414CA7 /* konwHow */ = {
			isa = PBXNativeTarget;
			buildConfigurationList = 00C1D9112E333DE300414CA7 /* Build configuration list for PBXNativeTarget "konwHow" */;
			buildPhases = (
				00C1D8EC2E333DE100414CA7 /* Sources */,
				00C1D8ED2E333DE100414CA7 /* Frameworks */,
				00C1D8EE2E333DE100414CA7 /* Resources */,
			);
			buildRules = (
			);
			dependencies = (
			);
			fileSystemSynchronizedGroups = (
				00C1D8F22E333DE100414CA7 /* konwHow */,
			);
			name = konwHow;
			packageProductDependencies = (
				00C1D9292E33411000414CA7 /* ForceSimulation */,
				00C1D92B2E33411000414CA7 /* Grape */,
				B4E8D6542E34F0650020DFF8 /* MarkdownView */,
			);
			productName = konwHow;
			productReference = 00C1D8F02E333DE100414CA7 /* konwHow.app */;
			productType = "com.apple.product-type.application";
		};
		00C1D8FC2E333DE300414CA7 /* konwHowTests */ = {
			isa = PBXNativeTarget;
			buildConfigurationList = 00C1D9142E333DE300414CA7 /* Build configuration list for PBXNativeTarget "konwHowTests" */;
			buildPhases = (
				00C1D8F92E333DE300414CA7 /* Sources */,
				00C1D8FA2E333DE300414CA7 /* Frameworks */,
				00C1D8FB2E333DE300414CA7 /* Resources */,
			);
			buildRules = (
			);
			dependencies = (
				00C1D8FF2E333DE300414CA7 /* PBXTargetDependency */,
			);
			fileSystemSynchronizedGroups = (
				00C1D9002E333DE300414CA7 /* konwHowTests */,
			);
			name = konwHowTests;
			packageProductDependencies = (
				00C1D95F2E3351D600414CA7 /* ForceSimulation */,
				00C1D9612E3351D600414CA7 /* Grape */,
			);
			productName = konwHowTests;
			productReference = 00C1D8FD2E333DE300414CA7 /* konwHowTests.xctest */;
			productType = "com.apple.product-type.bundle.unit-test";
		};
		00C1D9062E333DE300414CA7 /* konwHowUITests */ = {
			isa = PBXNativeTarget;
			buildConfigurationList = 00C1D9172E333DE300414CA7 /* Build configuration list for PBXNativeTarget "konwHowUITests" */;
			buildPhases = (
				00C1D9032E333DE300414CA7 /* Sources */,
				00C1D9042E333DE300414CA7 /* Frameworks */,
				00C1D9052E333DE300414CA7 /* Resources */,
			);
			buildRules = (
			);
			dependencies = (
				00C1D9092E333DE300414CA7 /* PBXTargetDependency */,
			);
			fileSystemSynchronizedGroups = (
				00C1D90A2E333DE300414CA7 /* konwHowUITests */,
			);
			name = konwHowUITests;
			packageProductDependencies = (
				00C1D9632E33520600414CA7 /* ForceSimulation */,
				00C1D9652E33520600414CA7 /* Grape */,
			);
			productName = konwHowUITests;
			productReference = 00C1D9072E333DE300414CA7 /* konwHowUITests.xctest */;
			productType = "com.apple.product-type.bundle.ui-testing";
		};
/* End PBXNativeTarget section */

/* Begin PBXProject section */
		00C1D8E82E333DE100414CA7 /* Project object */ = {
			isa = PBXProject;
			attributes = {
				BuildIndependentTargetsInParallel = 1;
				LastSwiftUpdateCheck = 1640;
				LastUpgradeCheck = 1640;
				TargetAttributes = {
					00C1D8EF2E333DE100414CA7 = {
						CreatedOnToolsVersion = 16.4;
					};
					00C1D8FC2E333DE300414CA7 = {
						CreatedOnToolsVersion = 16.4;
						TestTargetID = 00C1D8EF2E333DE100414CA7;
					};
					00C1D9062E333DE300414CA7 = {
						CreatedOnToolsVersion = 16.4;
						TestTargetID = 00C1D8EF2E333DE100414CA7;
					};
				};
			};
			buildConfigurationList = 00C1D8EB2E333DE100414CA7 /* Build configuration list for PBXProject "konwHow" */;
			developmentRegion = en;
			hasScannedForEncodings = 0;
			knownRegions = (
				en,
				Base,
			);
			mainGroup = 00C1D8E72E333DE100414CA7;
			minimizedProjectReferenceProxies = 1;
			packageReferences = (
				00C1D9282E33411000414CA7 /* XCRemoteSwiftPackageReference "Grape" */,
				B4E8D6532E34EF420020DFF8 /* XCRemoteSwiftPackageReference "MarkdownView" */,
			);
			preferredProjectObjectVersion = 77;
			productRefGroup = 00C1D8F12E333DE100414CA7 /* Products */;
			projectDirPath = "";
			projectRoot = "";
			targets = (
				00C1D8EF2E333DE100414CA7 /* konwHow */,
				00C1D8FC2E333DE300414CA7 /* konwHowTests */,
				00C1D9062E333DE300414CA7 /* konwHowUITests */,
			);
		};
/* End PBXProject section */

/* Begin PBXResourcesBuildPhase section */
		00C1D8EE2E333DE100414CA7 /* Resources */ = {
			isa = PBXResourcesBuildPhase;
			buildActionMask = 2147483647;
			files = (
			);
			runOnlyForDeploymentPostprocessing = 0;
		};
		00C1D8FB2E333DE300414CA7 /* Resources */ = {
			isa = PBXResourcesBuildPhase;
			buildActionMask = 2147483647;
			files = (
			);
			runOnlyForDeploymentPostprocessing = 0;
		};
		00C1D9052E333DE300414CA7 /* Resources */ = {
			isa = PBXResourcesBuildPhase;
			buildActionMask = 2147483647;
			files = (
			);
			runOnlyForDeploymentPostprocessing = 0;
		};
/* End PBXResourcesBuildPhase section */

/* Begin PBXSourcesBuildPhase section */
		00C1D8EC2E333DE100414CA7 /* Sources */ = {
			isa = PBXSourcesBuildPhase;
			buildActionMask = 2147483647;
			files = (
			);
			runOnlyForDeploymentPostprocessing = 0;
		};
		00C1D8F92E333DE300414CA7 /* Sources */ = {
			isa = PBXSourcesBuildPhase;
			buildActionMask = 2147483647;
			files = (
			);
			runOnlyForDeploymentPostprocessing = 0;
		};
		00C1D9032E333DE300414CA7 /* Sources */ = {
			isa = PBXSourcesBuildPhase;
			buildActionMask = 2147483647;
			files = (
			);
			runOnlyForDeploymentPostprocessing = 0;
		};
/* End PBXSourcesBuildPhase section */

/* Begin PBXTargetDependency section */
		00C1D8FF2E333DE300414CA7 /* PBXTargetDependency */ = {
			isa = PBXTargetDependency;
			target = 00C1D8EF2E333DE100414CA7 /* konwHow */;
			targetProxy = 00C1D8FE2E333DE300414CA7 /* PBXContainerItemProxy */;
		};
		00C1D9092E333DE300414CA7 /* PBXTargetDependency */ = {
			isa = PBXTargetDependency;
			target = 00C1D8EF2E333DE100414CA7 /* konwHow */;
			targetProxy = 00C1D9082E333DE300414CA7 /* PBXContainerItemProxy */;
		};
/* End PBXTargetDependency section */

/* Begin XCBuildConfiguration section */
		00C1D90F2E333DE300414CA7 /* Debug */ = {
			isa = XCBuildConfiguration;
			buildSettings = {
				ALWAYS_SEARCH_USER_PATHS = NO;
				ASSETCATALOG_COMPILER_GENERATE_SWIFT_ASSET_SYMBOL_EXTENSIONS = YES;
				CLANG_ANALYZER_NONNULL = YES;
				CLANG_ANALYZER_NUMBER_OBJECT_CONVERSION = YES_AGGRESSIVE;
				CLANG_CXX_LANGUAGE_STANDARD = "gnu++20";
				CLANG_ENABLE_MODULES = YES;
				CLANG_ENABLE_OBJC_ARC = YES;
				CLANG_ENABLE_OBJC_WEAK = YES;
				CLANG_WARN_BLOCK_CAPTURE_AUTORELEASING = YES;
				CLANG_WARN_BOOL_CONVERSION = YES;
				CLANG_WARN_COMMA = YES;
				CLANG_WARN_CONSTANT_CONVERSION = YES;
				CLANG_WARN_DEPRECATED_OBJC_IMPLEMENTATIONS = YES;
				CLANG_WARN_DIRECT_OBJC_ISA_USAGE = YES_ERROR;
				CLANG_WARN_DOCUMENTATION_COMMENTS = YES;
				CLANG_WARN_EMPTY_BODY = YES;
				CLANG_WARN_ENUM_CONVERSION = YES;
				CLANG_WARN_INFINITE_RECURSION = YES;
				CLANG_WARN_INT_CONVERSION = YES;
				CLANG_WARN_NON_LITERAL_NULL_CONVERSION = YES;
				CLANG_WARN_OBJC_IMPLICIT_RETAIN_SELF = YES;
				CLANG_WARN_OBJC_LITERAL_CONVERSION = YES;
				CLANG_WARN_OBJC_ROOT_CLASS = YES_ERROR;
				CLANG_WARN_QUOTED_INCLUDE_IN_FRAMEWORK_HEADER = YES;
				CLANG_WARN_RANGE_LOOP_ANALYSIS = YES;
				CLANG_WARN_STRICT_PROTOTYPES = YES;
				CLANG_WARN_SUSPICIOUS_MOVE = YES;
				CLANG_WARN_UNGUARDED_AVAILABILITY = YES_AGGRESSIVE;
				CLANG_WARN_UNREACHABLE_CODE = YES;
				CLANG_WARN__DUPLICATE_METHOD_MATCH = YES;
				COPY_PHASE_STRIP = NO;
				DEBUG_INFORMATION_FORMAT = dwarf;
				DEVELOPMENT_TEAM = S5J5NV64CQ;
				ENABLE_STRICT_OBJC_MSGSEND = YES;
				ENABLE_TESTABILITY = YES;
				ENABLE_USER_SCRIPT_SANDBOXING = YES;
				GCC_C_LANGUAGE_STANDARD = gnu17;
				GCC_DYNAMIC_NO_PIC = NO;
				GCC_NO_COMMON_BLOCKS = YES;
				GCC_OPTIMIZATION_LEVEL = 0;
				GCC_PREPROCESSOR_DEFINITIONS = (
					"DEBUG=1",
					"$(inherited)",
				);
				GCC_WARN_64_TO_32_BIT_CONVERSION = YES;
				GCC_WARN_ABOUT_RETURN_TYPE = YES_ERROR;
				GCC_WARN_UNDECLARED_SELECTOR = YES;
				GCC_WARN_UNINITIALIZED_AUTOS = YES_AGGRESSIVE;
				GCC_WARN_UNUSED_FUNCTION = YES;
				GCC_WARN_UNUSED_VARIABLE = YES;
				IPHONEOS_DEPLOYMENT_TARGET = 18.0;
				LOCALIZATION_PREFERS_STRING_CATALOGS = YES;
				MTL_ENABLE_DEBUG_INFO = INCLUDE_SOURCE;
				MTL_FAST_MATH = YES;
				ONLY_ACTIVE_ARCH = YES;
				SDKROOT = iphoneos;
				SWIFT_ACTIVE_COMPILATION_CONDITIONS = "DEBUG $(inherited)";
				SWIFT_OPTIMIZATION_LEVEL = "-Onone";
			};
			name = Debug;
		};
		00C1D9102E333DE300414CA7 /* Release */ = {
			isa = XCBuildConfiguration;
			buildSettings = {
				ALWAYS_SEARCH_USER_PATHS = NO;
				ASSETCATALOG_COMPILER_GENERATE_SWIFT_ASSET_SYMBOL_EXTENSIONS = YES;
				CLANG_ANALYZER_NONNULL = YES;
				CLANG_ANALYZER_NUMBER_OBJECT_CONVERSION = YES_AGGRESSIVE;
				CLANG_CXX_LANGUAGE_STANDARD = "gnu++20";
				CLANG_ENABLE_MODULES = YES;
				CLANG_ENABLE_OBJC_ARC = YES;
				CLANG_ENABLE_OBJC_WEAK = YES;
				CLANG_WARN_BLOCK_CAPTURE_AUTORELEASING = YES;
				CLANG_WARN_BOOL_CONVERSION = YES;
				CLANG_WARN_COMMA = YES;
				CLANG_WARN_CONSTANT_CONVERSION = YES;
				CLANG_WARN_DEPRECATED_OBJC_IMPLEMENTATIONS = YES;
				CLANG_WARN_DIRECT_OBJC_ISA_USAGE = YES_ERROR;
				CLANG_WARN_DOCUMENTATION_COMMENTS = YES;
				CLANG_WARN_EMPTY_BODY = YES;
				CLANG_WARN_ENUM_CONVERSION = YES;
				CLANG_WARN_INFINITE_RECURSION = YES;
				CLANG_WARN_INT_CONVERSION = YES;
				CLANG_WARN_NON_LITERAL_NULL_CONVERSION = YES;
				CLANG_WARN_OBJC_IMPLICIT_RETAIN_SELF = YES;
				CLANG_WARN_OBJC_LITERAL_CONVERSION = YES;
				CLANG_WARN_OBJC_ROOT_CLASS = YES_ERROR;
				CLANG_WARN_QUOTED_INCLUDE_IN_FRAMEWORK_HEADER = YES;
				CLANG_WARN_RANGE_LOOP_ANALYSIS = YES;
				CLANG_WARN_STRICT_PROTOTYPES = YES;
				CLANG_WARN_SUSPICIOUS_MOVE = YES;
				CLANG_WARN_UNGUARDED_AVAILABILITY = YES_AGGRESSIVE;
				CLANG_WARN_UNREACHABLE_CODE = YES;
				CLANG_WARN__DUPLICATE_METHOD_MATCH = YES;
				COPY_PHASE_STRIP = NO;
				DEBUG_INFORMATION_FORMAT = "dwarf-with-dsym";
				DEVELOPMENT_TEAM = S5J5NV64CQ;
				ENABLE_NS_ASSERTIONS = NO;
				ENABLE_STRICT_OBJC_MSGSEND = YES;
				ENABLE_USER_SCRIPT_SANDBOXING = YES;
				GCC_C_LANGUAGE_STANDARD = gnu17;
				GCC_NO_COMMON_BLOCKS = YES;
				GCC_WARN_64_TO_32_BIT_CONVERSION = YES;
				GCC_WARN_ABOUT_RETURN_TYPE = YES_ERROR;
				GCC_WARN_UNDECLARED_SELECTOR = YES;
				GCC_WARN_UNINITIALIZED_AUTOS = YES_AGGRESSIVE;
				GCC_WARN_UNUSED_FUNCTION = YES;
				GCC_WARN_UNUSED_VARIABLE = YES;
				IPHONEOS_DEPLOYMENT_TARGET = 18.0;
				LOCALIZATION_PREFERS_STRING_CATALOGS = YES;
				MTL_ENABLE_DEBUG_INFO = NO;
				MTL_FAST_MATH = YES;
				SDKROOT = iphoneos;
				SWIFT_COMPILATION_MODE = wholemodule;
				VALIDATE_PRODUCT = YES;
			};
			name = Release;
		};
		00C1D9122E333DE300414CA7 /* Debug */ = {
			isa = XCBuildConfiguration;
			buildSettings = {
				ASSETCATALOG_COMPILER_APPICON_NAME = AppIcon;
				ASSETCATALOG_COMPILER_GLOBAL_ACCENT_COLOR_NAME = AccentColor;
				CODE_SIGN_STYLE = Automatic;
				CURRENT_PROJECT_VERSION = 1;
				DEVELOPMENT_TEAM = YR2LEP366G;
				ENABLE_PREVIEWS = YES;
				GENERATE_INFOPLIST_FILE = YES;
				INFOPLIST_FILE = konwHow/Info.plist;
				INFOPLIST_KEY_NSMicrophoneUsageDescription = "需要访问麦克风来进行语音识别和录音功能";
				INFOPLIST_KEY_NSSpeechRecognitionUsageDescription = "需要语音识别权限来实时转换语音为文字";
				INFOPLIST_KEY_UIApplicationSceneManifest_Generation = YES;
				INFOPLIST_KEY_UIApplicationSupportsIndirectInputEvents = YES;
				INFOPLIST_KEY_UILaunchScreen_Generation = YES;
				INFOPLIST_KEY_UISupportedInterfaceOrientations_iPad = "UIInterfaceOrientationPortrait UIInterfaceOrientationPortraitUpsideDown UIInterfaceOrientationLandscapeLeft UIInterfaceOrientationLandscapeRight";
				INFOPLIST_KEY_UISupportedInterfaceOrientations_iPhone = "UIInterfaceOrientationPortrait UIInterfaceOrientationLandscapeLeft UIInterfaceOrientationLandscapeRight";
				LD_RUNPATH_SEARCH_PATHS = (
					"$(inherited)",
					"@executable_path/Frameworks",
				);
				MARKETING_VERSION = 1.0;
				PRODUCT_BUNDLE_IDENTIFIER = neurospark.konwHow;
				PRODUCT_NAME = "$(TARGET_NAME)";
				SWIFT_EMIT_LOC_STRINGS = YES;
				SWIFT_VERSION = 5.0;
				TARGETED_DEVICE_FAMILY = "1,2";
			};
			name = Debug;
		};
		00C1D9132E333DE300414CA7 /* Release */ = {
			isa = XCBuildConfiguration;
			buildSettings = {
				ASSETCATALOG_COMPILER_APPICON_NAME = AppIcon;
				ASSETCATALOG_COMPILER_GLOBAL_ACCENT_COLOR_NAME = AccentColor;
				CODE_SIGN_STYLE = Automatic;
				CURRENT_PROJECT_VERSION = 1;
				DEVELOPMENT_TEAM = YR2LEP366G;
				ENABLE_PREVIEWS = YES;
				GENERATE_INFOPLIST_FILE = YES;
				INFOPLIST_FILE = konwHow/Info.plist;
				INFOPLIST_KEY_NSMicrophoneUsageDescription = "需要访问麦克风来进行语音识别和录音功能";
				INFOPLIST_KEY_NSSpeechRecognitionUsageDescription = "需要语音识别权限来实时转换语音为文字";
				INFOPLIST_KEY_UIApplicationSceneManifest_Generation = YES;
				INFOPLIST_KEY_UIApplicationSupportsIndirectInputEvents = YES;
				INFOPLIST_KEY_UILaunchScreen_Generation = YES;
				INFOPLIST_KEY_UISupportedInterfaceOrientations_iPad = "UIInterfaceOrientationPortrait UIInterfaceOrientationPortraitUpsideDown UIInterfaceOrientationLandscapeLeft UIInterfaceOrientationLandscapeRight";
				INFOPLIST_KEY_UISupportedInterfaceOrientations_iPhone = "UIInterfaceOrientationPortrait UIInterfaceOrientationLandscapeLeft UIInterfaceOrientationLandscapeRight";
				LD_RUNPATH_SEARCH_PATHS = (
					"$(inherited)",
					"@executable_path/Frameworks",
				);
				MARKETING_VERSION = 1.0;
				PRODUCT_BUNDLE_IDENTIFIER = neurospark.konwHow;
				PRODUCT_NAME = "$(TARGET_NAME)";
				SWIFT_EMIT_LOC_STRINGS = YES;
				SWIFT_VERSION = 5.0;
				TARGETED_DEVICE_FAMILY = "1,2";
			};
			name = Release;
		};
		00C1D9152E333DE300414CA7 /* Debug */ = {
			isa = XCBuildConfiguration;
			buildSettings = {
				BUNDLE_LOADER = "$(TEST_HOST)";
				CODE_SIGN_STYLE = Automatic;
				CURRENT_PROJECT_VERSION = 1;
				DEVELOPMENT_TEAM = S5J5NV64CQ;
				GENERATE_INFOPLIST_FILE = YES;
				IPHONEOS_DEPLOYMENT_TARGET = 18.5;
				MARKETING_VERSION = 1.0;
				PRODUCT_BUNDLE_IDENTIFIER = neurospark.konwHowTests;
				PRODUCT_NAME = "$(TARGET_NAME)";
				SWIFT_EMIT_LOC_STRINGS = NO;
				SWIFT_VERSION = 5.0;
				TARGETED_DEVICE_FAMILY = "1,2";
				TEST_HOST = "$(BUILT_PRODUCTS_DIR)/konwHow.app/$(BUNDLE_EXECUTABLE_FOLDER_PATH)/konwHow";
			};
			name = Debug;
		};
		00C1D9162E333DE300414CA7 /* Release */ = {
			isa = XCBuildConfiguration;
			buildSettings = {
				BUNDLE_LOADER = "$(TEST_HOST)";
				CODE_SIGN_STYLE = Automatic;
				CURRENT_PROJECT_VERSION = 1;
				DEVELOPMENT_TEAM = S5J5NV64CQ;
				GENERATE_INFOPLIST_FILE = YES;
				IPHONEOS_DEPLOYMENT_TARGET = 18.5;
				MARKETING_VERSION = 1.0;
				PRODUCT_BUNDLE_IDENTIFIER = neurospark.konwHowTests;
				PRODUCT_NAME = "$(TARGET_NAME)";
				SWIFT_EMIT_LOC_STRINGS = NO;
				SWIFT_VERSION = 5.0;
				TARGETED_DEVICE_FAMILY = "1,2";
				TEST_HOST = "$(BUILT_PRODUCTS_DIR)/konwHow.app/$(BUNDLE_EXECUTABLE_FOLDER_PATH)/konwHow";
			};
			name = Release;
		};
		00C1D9182E333DE300414CA7 /* Debug */ = {
			isa = XCBuildConfiguration;
			buildSettings = {
				CODE_SIGN_STYLE = Automatic;
				CURRENT_PROJECT_VERSION = 1;
				DEVELOPMENT_TEAM = S5J5NV64CQ;
				GENERATE_INFOPLIST_FILE = YES;
				MARKETING_VERSION = 1.0;
				PRODUCT_BUNDLE_IDENTIFIER = neurospark.konwHowUITests;
				PRODUCT_NAME = "$(TARGET_NAME)";
				SWIFT_EMIT_LOC_STRINGS = NO;
				SWIFT_VERSION = 5.0;
				TARGETED_DEVICE_FAMILY = "1,2";
				TEST_TARGET_NAME = konwHow;
			};
			name = Debug;
		};
		00C1D9192E333DE300414CA7 /* Release */ = {
			isa = XCBuildConfiguration;
			buildSettings = {
				CODE_SIGN_STYLE = Automatic;
				CURRENT_PROJECT_VERSION = 1;
				DEVELOPMENT_TEAM = S5J5NV64CQ;
				GENERATE_INFOPLIST_FILE = YES;
				MARKETING_VERSION = 1.0;
				PRODUCT_BUNDLE_IDENTIFIER = neurospark.konwHowUITests;
				PRODUCT_NAME = "$(TARGET_NAME)";
				SWIFT_EMIT_LOC_STRINGS = NO;
				SWIFT_VERSION = 5.0;
				TARGETED_DEVICE_FAMILY = "1,2";
				TEST_TARGET_NAME = konwHow;
			};
			name = Release;
		};
/* End XCBuildConfiguration section */

/* Begin XCConfigurationList section */
		00C1D8EB2E333DE100414CA7 /* Build configuration list for PBXProject "konwHow" */ = {
			isa = XCConfigurationList;
			buildConfigurations = (
				00C1D90F2E333DE300414CA7 /* Debug */,
				00C1D9102E333DE300414CA7 /* Release */,
			);
			defaultConfigurationIsVisible = 0;
			defaultConfigurationName = Debug;
		};
		00C1D9112E333DE300414CA7 /* Build configuration list for PBXNativeTarget "konwHow" */ = {
			isa = XCConfigurationList;
			buildConfigurations = (
				00C1D9122E333DE300414CA7 /* Debug */,
				00C1D9132E333DE300414CA7 /* Release */,
			);
			defaultConfigurationIsVisible = 0;
			defaultConfigurationName = Debug;
		};
		00C1D9142E333DE300414CA7 /* Build configuration list for PBXNativeTarget "konwHowTests" */ = {
			isa = XCConfigurationList;
			buildConfigurations = (
				00C1D9152E333DE300414CA7 /* Debug */,
				00C1D9162E333DE300414CA7 /* Release */,
			);
			defaultConfigurationIsVisible = 0;
			defaultConfigurationName = Debug;
		};
		00C1D9172E333DE300414CA7 /* Build configuration list for PBXNativeTarget "konwHowUITests" */ = {
			isa = XCConfigurationList;
			buildConfigurations = (
				00C1D9182E333DE300414CA7 /* Debug */,
				00C1D9192E333DE300414CA7 /* Release */,
			);
			defaultConfigurationIsVisible = 0;
			defaultConfigurationName = Debug;
		};
/* End XCConfigurationList section */

/* Begin XCRemoteSwiftPackageReference section */
		00C1D9282E33411000414CA7 /* XCRemoteSwiftPackageReference "Grape" */ = {
			isa = XCRemoteSwiftPackageReference;
			repositoryURL = "https://github.com/SwiftGraphs/Grape";
			requirement = {
				kind = upToNextMajorVersion;
				minimumVersion = 1.1.0;
			};
		};
		B4E8D6532E34EF420020DFF8 /* XCRemoteSwiftPackageReference "MarkdownView" */ = {
			isa = XCRemoteSwiftPackageReference;
			repositoryURL = "https://github.com/LiYanan2004/MarkdownView";
			requirement = {
				kind = upToNextMajorVersion;
				minimumVersion = 2.4.0;
			};
		};
/* End XCRemoteSwiftPackageReference section */

/* Begin XCSwiftPackageProductDependency section */
		00C1D9292E33411000414CA7 /* ForceSimulation */ = {
			isa = XCSwiftPackageProductDependency;
			package = 00C1D9282E33411000414CA7 /* XCRemoteSwiftPackageReference "Grape" */;
			productName = ForceSimulation;
		};
		00C1D92B2E33411000414CA7 /* Grape */ = {
			isa = XCSwiftPackageProductDependency;
			package = 00C1D9282E33411000414CA7 /* XCRemoteSwiftPackageReference "Grape" */;
			productName = Grape;
		};
		00C1D95F2E3351D600414CA7 /* ForceSimulation */ = {
			isa = XCSwiftPackageProductDependency;
			package = 00C1D9282E33411000414CA7 /* XCRemoteSwiftPackageReference "Grape" */;
			productName = ForceSimulation;
		};
		00C1D9612E3351D600414CA7 /* Grape */ = {
			isa = XCSwiftPackageProductDependency;
			package = 00C1D9282E33411000414CA7 /* XCRemoteSwiftPackageReference "Grape" */;
			productName = Grape;
		};
		00C1D9632E33520600414CA7 /* ForceSimulation */ = {
			isa = XCSwiftPackageProductDependency;
			package = 00C1D9282E33411000414CA7 /* XCRemoteSwiftPackageReference "Grape" */;
			productName = ForceSimulation;
		};
		00C1D9652E33520600414CA7 /* Grape */ = {
			isa = XCSwiftPackageProductDependency;
			package = 00C1D9282E33411000414CA7 /* XCRemoteSwiftPackageReference "Grape" */;
			productName = Grape;
		};
		B4E8D6542E34F0650020DFF8 /* MarkdownView */ = {
			isa = XCSwiftPackageProductDependency;
			package = B4E8D6532E34EF420020DFF8 /* XCRemoteSwiftPackageReference "MarkdownView" */;
			productName = MarkdownView;
		};
/* End XCSwiftPackageProductDependency section */
	};
	rootObject = 00C1D8E82E333DE100414CA7 /* Project object */;
}
