{
  "originHash" : "102a8f30d3db6673de9a30dc7c1d4021ff32c67f934f49f26f1d6fa7c7028858",
  "pins" : [
    {
      "identity" : "grape",
      "kind" : "remoteSourceControl",
      "location" : "https://github.com/SwiftGraphs/Grape",
      "state" : {
        "revision" : "48eb7d8ab4ce549c6cdde106b5f7fa317421364c",
        "version" : "1.1.0"
      }
    }
  ],
  "version" : 3
}
