{
  "originHash" : "6ab76eb4a724f0b65a778a64a816f3e3fa3a85e5a68a1265842adadd6039426f",
  "pins" : [
    {
      "identity" : "grape",
      "kind" : "remoteSourceControl",
      "location" : "https://github.com/SwiftGraphs/Grape",
      "state" : {
        "revision" : "48eb7d8ab4ce549c6cdde106b5f7fa317421364c",
        "version" : "1.1.0"
      }
    },
    {
      "identity" : "highlightr",
      "kind" : "remoteSourceControl",
      "location" : "https://github.com/raspu/Highlightr.git",
      "state" : {
        "revision" : "05e7fcc63b33925cd0c1faaa205cdd5681e7bbef",
        "version" : "2.3.0"
      }
    },
    {
      "identity" : "latexswiftui",
      "kind" : "remoteSourceControl",
      "location" : "https://github.com/colinc86/LaTeXSwiftUI.git",
      "state" : {
        "revision" : "c45e0fd45f64923c49c5904a9f9626bc8939f05f",
        "version" : "1.5.0"
      }
    },
    {
      "identity" : "markdownview",
      "kind" : "remoteSourceControl",
      "location" : "https://github.com/LiYanan2004/MarkdownView",
      "state" : {
        "revision" : "27d7b96c1097ba158b37a65e37fb4da592623888",
        "version" : "2.4.0"
      }
    },
    {
      "identity" : "mathjaxswift",
      "kind" : "remoteSourceControl",
      "location" : "https://github.com/colinc86/MathJaxSwift",
      "state" : {
        "revision" : "e23d6eab941da699ac4a60fb0e60f3ba5c937459",
        "version" : "3.4.0"
      }
    },
    {
      "identity" : "swift-cmark",
      "kind" : "remoteSourceControl",
      "location" : "https://github.com/swiftlang/swift-cmark.git",
      "state" : {
        "revision" : "b022b08312decdc46585e0b3440d97f6f22ef703",
        "version" : "0.6.0"
      }
    },
    {
      "identity" : "swift-html-entities",
      "kind" : "remoteSourceControl",
      "location" : "https://github.com/Kitura/swift-html-entities",
      "state" : {
        "revision" : "d8ca73197f59ce260c71bd6d7f6eb8bbdccf508b",
        "version" : "4.0.1"
      }
    },
    {
      "identity" : "swift-markdown",
      "kind" : "remoteSourceControl",
      "location" : "https://github.com/swiftlang/swift-markdown.git",
      "state" : {
        "revision" : "ea79e83c8744d2b50b0dc2d5bbd1e857e1253bf9",
        "version" : "0.6.0"
      }
    },
    {
      "identity" : "swiftdraw",
      "kind" : "remoteSourceControl",
      "location" : "https://github.com/swhitty/SwiftDraw",
      "state" : {
        "revision" : "a19594794cdcdee5135caad3bc119096c50c92c2",
        "version" : "0.22.0"
      }
    }
  ],
  "version" : 3
}
